
Microsoft Visual Studio Solution File, Format Version 12.00
# Visual Studio Version 17
VisualStudioVersion = 17.9.34728.123
MinimumVisualStudioVersion = 10.0.40219.1
Project("{FAE04EC0-301F-11D3-BF4B-00C04F79EFBC}") = "WebApplication1", "WebApplication1.csproj", "{784F9AAC-732B-45B8-AE32-4C6D5E6F590D}"
EndProject
Global
	GlobalSection(SolutionConfigurationPlatforms) = preSolution
		Debug|Any CPU = Debug|Any CPU
		Release|Any CPU = Release|Any CPU
	EndGlobalSection
	GlobalSection(ProjectConfigurationPlatforms) = postSolution
		{784F9AAC-732B-45B8-AE32-4C6D5E6F590D}.Debug|Any CPU.ActiveCfg = Debug|Any CPU
		{784F9AAC-732B-45B8-AE32-4C6D5E6F590D}.Debug|Any CPU.Build.0 = Debug|Any CPU
		{784F9AAC-732B-45B8-AE32-4C6D5E6F590D}.Release|Any CPU.ActiveCfg = Release|Any CPU
		{784F9AAC-732B-45B8-AE32-4C6D5E6F590D}.Release|Any CPU.Build.0 = Release|Any CPU
	EndGlobalSection
	GlobalSection(SolutionProperties) = preSolution
		HideSolutionNode = FALSE
	EndGlobalSection
	GlobalSection(ExtensibilityGlobals) = postSolution
		SolutionGuid = {26BF31C1-E96D-460D-BF03-9BFDFFB2769F}
	EndGlobalSection
EndGlobal
